
Microsoft Visual Studio Solution File, Format Version 12.00
# Visual Studio Version 17
VisualStudioVersion = 17.6.33815.320
MinimumVisualStudioVersion = 10.0.40219.1
Project("{FAE04EC0-301F-11D3-BF4B-00C04F79EFBC}") = "Bai5", "Bai2-BT2\Bai5.csproj", "{4D48C5B8-0DE1-4451-A0E4-79924B3468A7}"
EndProject
Global
	GlobalSection(SolutionConfigurationPlatforms) = preSolution
		Debug|Any CPU = Debug|Any CPU
		Release|Any CPU = Release|Any CPU
	EndGlobalSection
	GlobalSection(ProjectConfigurationPlatforms) = postSolution
		{4D48C5B8-0DE1-4451-A0E4-79924B3468A7}.Debug|Any CPU.ActiveCfg = Debug|Any CPU
		{4D48C5B8-0DE1-4451-A0E4-79924B3468A7}.Debug|Any CPU.Build.0 = Debug|Any CPU
		{4D48C5B8-0DE1-4451-A0E4-79924B3468A7}.Release|Any CPU.ActiveCfg = Release|Any CPU
		{4D48C5B8-0DE1-4451-A0E4-79924B3468A7}.Release|Any CPU.Build.0 = Release|Any CPU
	EndGlobalSection
	GlobalSection(SolutionProperties) = preSolution
		HideSolutionNode = FALSE
	EndGlobalSection
	GlobalSection(ExtensibilityGlobals) = postSolution
		SolutionGuid = {3CBD6838-3891-47EA-A566-CA7DCD26C0E8}
	EndGlobalSection
EndGlobal
